
Microsoft Visual Studio Solution File, Format Version 12.00
# Visual Studio Version 16
VisualStudioVersion = 16.0.29519.87
MinimumVisualStudioVersion = 10.0.40219.1
Project("{FAE04EC0-301F-11D3-BF4B-00C04F79EFBC}") = "Poligono", "Poligono\Poligono.csproj", "{668D432C-10A9-436F-8480-0E64B9F9ECEF}"
EndProject
Global
	GlobalSection(SolutionConfigurationPlatforms) = preSolution
		Debug|Any CPU = Debug|Any CPU
		Release|Any CPU = Release|Any CPU
	EndGlobalSection
	GlobalSection(ProjectConfigurationPlatforms) = postSolution
		{668D432C-10A9-436F-8480-0E64B9F9ECEF}.Debug|Any CPU.ActiveCfg = Debug|Any CPU
		{668D432C-10A9-436F-8480-0E64B9F9ECEF}.Debug|Any CPU.Build.0 = Debug|Any CPU
		{668D432C-10A9-436F-8480-0E64B9F9ECEF}.Release|Any CPU.ActiveCfg = Release|Any CPU
		{668D432C-10A9-436F-8480-0E64B9F9ECEF}.Release|Any CPU.Build.0 = Release|Any CPU
	EndGlobalSection
	GlobalSection(SolutionProperties) = preSolution
		HideSolutionNode = FALSE
	EndGlobalSection
	GlobalSection(ExtensibilityGlobals) = postSolution
		SolutionGuid = {D93FDB0E-5524-4E38-BF61-0AEB317F3F97}
	EndGlobalSection
EndGlobal
